// !$*UTF8*$!
{
	archiveVersion = 1;
	classes = {
	};
	objectVersion = 46;
	objects = {

/* Begin PBXBuildFile section */
		972E7C101C387A2A00EBB3CF /* AppDelegate.swift in Sources */ = {isa = PBXBuildFile; fileRef = 972E7C0F1C387A2A00EBB3CF /* AppDelegate.swift */; };
		972E7C121C387A2A00EBB3CF /* CheckListViewController.swift in Sources */ = {isa = PBXBuildFile; fileRef = 972E7C111C387A2A00EBB3CF /* CheckListViewController.swift */; };
		972E7C151C387A2A00EBB3CF /* Main.storyboard in Resources */ = {isa = PBXBuildFile; fileRef = 972E7C131C387A2A00EBB3CF /* Main.storyboard */; };
		972E7C171C387A2A00EBB3CF /* Assets.xcassets in Resources */ = {isa = PBXBuildFile; fileRef = 972E7C161C387A2A00EBB3CF /* Assets.xcassets */; };
		972E7C1A1C387A2A00EBB3CF /* LaunchScreen.storyboard in Resources */ = {isa = PBXBuildFile; fileRef = 972E7C181C387A2A00EBB3CF /* LaunchScreen.storyboard */; };
		975552701D0F11DD00B8F653 /* AllListTableViewDelegate.swift in Sources */ = {isa = PBXBuildFile; fileRef = 9755526F1D0F11DD00B8F653 /* AllListTableViewDelegate.swift */; };
		977068A11C49A1ED00AFF4B5 /* DataModel.swift in Sources */ = {isa = PBXBuildFile; fileRef = 977068A01C49A1ED00AFF4B5 /* DataModel.swift */; };
		977068A31C4A289200AFF4B5 /* ChecklistCell.swift in Sources */ = {isa = PBXBuildFile; fileRef = 977068A21C4A289200AFF4B5 /* ChecklistCell.swift */; };
		97B945E51C389D650037CFCA /* ChecklistItem.swift in Sources */ = {isa = PBXBuildFile; fileRef = 97B945E41C389D650037CFCA /* ChecklistItem.swift */; };
		97B945E71C3B377B0037CFCA /* ItemDetailViewControler.swift in Sources */ = {isa = PBXBuildFile; fileRef = 97B945E61C3B377B0037CFCA /* ItemDetailViewControler.swift */; };
		97B945E91C3F28040037CFCA /* AllListsViewController.swift in Sources */ = {isa = PBXBuildFile; fileRef = 97B945E81C3F28040037CFCA /* AllListsViewController.swift */; };
		97B945EB1C3F31040037CFCA /* Checklist.swift in Sources */ = {isa = PBXBuildFile; fileRef = 97B945EA1C3F31040037CFCA /* Checklist.swift */; };
		97B945ED1C3F43670037CFCA /* ListDetailViewController.swift in Sources */ = {isa = PBXBuildFile; fileRef = 97B945EC1C3F43670037CFCA /* ListDetailViewController.swift */; };
/* End PBXBuildFile section */

/* Begin PBXFileReference section */
		972E7C0C1C387A2A00EBB3CF /* Checklists.app */ = {isa = PBXFileReference; explicitFileType = wrapper.application; includeInIndex = 0; path = Checklists.app; sourceTree = BUILT_PRODUCTS_DIR; };
		972E7C0F1C387A2A00EBB3CF /* AppDelegate.swift */ = {isa = PBXFileReference; lastKnownFileType = sourcecode.swift; path = AppDelegate.swift; sourceTree = "<group>"; };
		972E7C111C387A2A00EBB3CF /* CheckListViewController.swift */ = {isa = PBXFileReference; lastKnownFileType = sourcecode.swift; lineEnding = 0; path = CheckListViewController.swift; sourceTree = "<group>"; xcLanguageSpecificationIdentifier = xcode.lang.swift; };
		972E7C141C387A2A00EBB3CF /* Base */ = {isa = PBXFileReference; lastKnownFileType = file.storyboard; name = Base; path = Base.lproj/Main.storyboard; sourceTree = "<group>"; };
		972E7C161C387A2A00EBB3CF /* Assets.xcassets */ = {isa = PBXFileReference; lastKnownFileType = folder.assetcatalog; path = Assets.xcassets; sourceTree = "<group>"; };
		972E7C191C387A2A00EBB3CF /* Base */ = {isa = PBXFileReference; lastKnownFileType = file.storyboard; name = Base; path = Base.lproj/LaunchScreen.storyboard; sourceTree = "<group>"; };
		972E7C1B1C387A2A00EBB3CF /* Info.plist */ = {isa = PBXFileReference; lastKnownFileType = text.plist.xml; path = Info.plist; sourceTree = "<group>"; };
		9755526F1D0F11DD00B8F653 /* AllListTableViewDelegate.swift */ = {isa = PBXFileReference; fileEncoding = 4; lastKnownFileType = sourcecode.swift; path = AllListTableViewDelegate.swift; sourceTree = "<group>"; };
		977068A01C49A1ED00AFF4B5 /* DataModel.swift */ = {isa = PBXFileReference; fileEncoding = 4; lastKnownFileType = sourcecode.swift; path = DataModel.swift; sourceTree = "<group>"; };
		977068A21C4A289200AFF4B5 /* ChecklistCell.swift */ = {isa = PBXFileReference; fileEncoding = 4; lastKnownFileType = sourcecode.swift; path = ChecklistCell.swift; sourceTree = "<group>"; };
		97B945E41C389D650037CFCA /* ChecklistItem.swift */ = {isa = PBXFileReference; fileEncoding = 4; lastKnownFileType = sourcecode.swift; path = ChecklistItem.swift; sourceTree = "<group>"; };
		97B945E61C3B377B0037CFCA /* ItemDetailViewControler.swift */ = {isa = PBXFileReference; fileEncoding = 4; lastKnownFileType = sourcecode.swift; lineEnding = 0; path = ItemDetailViewControler.swift; sourceTree = "<group>"; xcLanguageSpecificationIdentifier = xcode.lang.swift; };
		97B945E81C3F28040037CFCA /* AllListsViewController.swift */ = {isa = PBXFileReference; fileEncoding = 4; lastKnownFileType = sourcecode.swift; name = AllListsViewController.swift; path = Checklists/AllListsViewController.swift; sourceTree = "<group>"; };
		97B945EA1C3F31040037CFCA /* Checklist.swift */ = {isa = PBXFileReference; fileEncoding = 4; lastKnownFileType = sourcecode.swift; path = Checklist.swift; sourceTree = "<group>"; };
		97B945EC1C3F43670037CFCA /* ListDetailViewController.swift */ = {isa = PBXFileReference; fileEncoding = 4; lastKnownFileType = sourcecode.swift; path = ListDetailViewController.swift; sourceTree = "<group>"; };
/* End PBXFileReference section */

/* Begin PBXFrameworksBuildPhase section */
		972E7C091C387A2A00EBB3CF /* Frameworks */ = {
			isa = PBXFrameworksBuildPhase;
			buildActionMask = 2147483647;
			files = (
			);
			runOnlyForDeploymentPostprocessing = 0;
		};
/* End PBXFrameworksBuildPhase section */

/* Begin PBXGroup section */
		972E7C031C387A2A00EBB3CF = {
			isa = PBXGroup;
			children = (
				9755526E1D0F118A00B8F653 /* AllCheckList */,
				972E7C0E1C387A2A00EBB3CF /* Checklists */,
				972E7C0D1C387A2A00EBB3CF /* Products */,
			);
			sourceTree = "<group>";
		};
		972E7C0D1C387A2A00EBB3CF /* Products */ = {
			isa = PBXGroup;
			children = (
				972E7C0C1C387A2A00EBB3CF /* Checklists.app */,
			);
			name = Products;
			sourceTree = "<group>";
		};
		972E7C0E1C387A2A00EBB3CF /* Checklists */ = {
			isa = PBXGroup;
			children = (
				972E7C0F1C387A2A00EBB3CF /* AppDelegate.swift */,
				972E7C111C387A2A00EBB3CF /* CheckListViewController.swift */,
				97B945E41C389D650037CFCA /* ChecklistItem.swift */,
				972E7C131C387A2A00EBB3CF /* Main.storyboard */,
				97B945E61C3B377B0037CFCA /* ItemDetailViewControler.swift */,
				972E7C161C387A2A00EBB3CF /* Assets.xcassets */,
				972E7C181C387A2A00EBB3CF /* LaunchScreen.storyboard */,
				972E7C1B1C387A2A00EBB3CF /* Info.plist */,
				97B945EA1C3F31040037CFCA /* Checklist.swift */,
				97B945EC1C3F43670037CFCA /* ListDetailViewController.swift */,
				977068A01C49A1ED00AFF4B5 /* DataModel.swift */,
				977068A21C4A289200AFF4B5 /* ChecklistCell.swift */,
			);
			path = Checklists;
			sourceTree = "<group>";
		};
		9755526E1D0F118A00B8F653 /* AllCheckList */ = {
			isa = PBXGroup;
			children = (
				97B945E81C3F28040037CFCA /* AllListsViewController.swift */,
				9755526F1D0F11DD00B8F653 /* AllListTableViewDelegate.swift */,
			);
			name = AllCheckList;
			sourceTree = "<group>";
		};
/* End PBXGroup section */

/* Begin PBXNativeTarget section */
		972E7C0B1C387A2A00EBB3CF /* Checklists */ = {
			isa = PBXNativeTarget;
			buildConfigurationList = 972E7C1E1C387A2A00EBB3CF /* Build configuration list for PBXNativeTarget "Checklists" */;
			buildPhases = (
				972E7C081C387A2A00EBB3CF /* Sources */,
				972E7C091C387A2A00EBB3CF /* Frameworks */,
				972E7C0A1C387A2A00EBB3CF /* Resources */,
			);
			buildRules = (
			);
			dependencies = (
			);
			name = Checklists;
			productName = Checklists;
			productReference = 972E7C0C1C387A2A00EBB3CF /* Checklists.app */;
			productType = "com.apple.product-type.application";
		};
/* End PBXNativeTarget section */

/* Begin PBXProject section */
		972E7C041C387A2A00EBB3CF /* Project object */ = {
			isa = PBXProject;
			attributes = {
				LastSwiftUpdateCheck = 0720;
				LastUpgradeCheck = 0720;
				ORGANIZATIONNAME = "Blue Portal Productions";
				TargetAttributes = {
					972E7C0B1C387A2A00EBB3CF = {
						CreatedOnToolsVersion = 7.2;
					};
				};
			};
			buildConfigurationList = 972E7C071C387A2A00EBB3CF /* Build configuration list for PBXProject "Checklists" */;
			compatibilityVersion = "Xcode 3.2";
			developmentRegion = English;
			hasScannedForEncodings = 0;
			knownRegions = (
				en,
				Base,
			);
			mainGroup = 972E7C031C387A2A00EBB3CF;
			productRefGroup = 972E7C0D1C387A2A00EBB3CF /* Products */;
			projectDirPath = "";
			projectRoot = "";
			targets = (
				972E7C0B1C387A2A00EBB3CF /* Checklists */,
			);
		};
/* End PBXProject section */

/* Begin PBXResourcesBuildPhase section */
		972E7C0A1C387A2A00EBB3CF /* Resources */ = {
			isa = PBXResourcesBuildPhase;
			buildActionMask = 2147483647;
			files = (
				972E7C1A1C387A2A00EBB3CF /* LaunchScreen.storyboard in Resources */,
				972E7C171C387A2A00EBB3CF /* Assets.xcassets in Resources */,
				972E7C151C387A2A00EBB3CF /* Main.storyboard in Resources */,
			);
			runOnlyForDeploymentPostprocessing = 0;
		};
/* End PBXResourcesBuildPhase section */

/* Begin PBXSourcesBuildPhase section */
		972E7C081C387A2A00EBB3CF /* Sources */ = {
			isa = PBXSourcesBuildPhase;
			buildActionMask = 2147483647;
			files = (
				975552701D0F11DD00B8F653 /* AllListTableViewDelegate.swift in Sources */,
				97B945E71C3B377B0037CFCA /* ItemDetailViewControler.swift in Sources */,
				97B945ED1C3F43670037CFCA /* ListDetailViewController.swift in Sources */,
				977068A31C4A289200AFF4B5 /* ChecklistCell.swift in Sources */,
				972E7C121C387A2A00EBB3CF /* CheckListViewController.swift in Sources */,
				97B945E51C389D650037CFCA /* ChecklistItem.swift in Sources */,
				97B945E91C3F28040037CFCA /* AllListsViewController.swift in Sources */,
				977068A11C49A1ED00AFF4B5 /* DataModel.swift in Sources */,
				97B945EB1C3F31040037CFCA /* Checklist.swift in Sources */,
				972E7C101C387A2A00EBB3CF /* AppDelegate.swift in Sources */,
			);
			runOnlyForDeploymentPostprocessing = 0;
		};
/* End PBXSourcesBuildPhase section */

/* Begin PBXVariantGroup section */
		972E7C131C387A2A00EBB3CF /* Main.storyboard */ = {
			isa = PBXVariantGroup;
			children = (
				972E7C141C387A2A00EBB3CF /* Base */,
			);
			name = Main.storyboard;
			sourceTree = "<group>";
		};
		972E7C181C387A2A00EBB3CF /* LaunchScreen.storyboard */ = {
			isa = PBXVariantGroup;
			children = (
				972E7C191C387A2A00EBB3CF /* Base */,
			);
			name = LaunchScreen.storyboard;
			sourceTree = "<group>";
		};
/* End PBXVariantGroup section */

/* Begin XCBuildConfiguration section */
		972E7C1C1C387A2A00EBB3CF /* Debug */ = {
			isa = XCBuildConfiguration;
			buildSettings = {
				ALWAYS_SEARCH_USER_PATHS = NO;
				CLANG_CXX_LANGUAGE_STANDARD = "gnu++0x";
				CLANG_CXX_LIBRARY = "libc++";
				CLANG_ENABLE_MODULES = YES;
				CLANG_ENABLE_OBJC_ARC = YES;
				CLANG_WARN_BOOL_CONVERSION = YES;
				CLANG_WARN_CONSTANT_CONVERSION = YES;
				CLANG_WARN_DIRECT_OBJC_ISA_USAGE = YES_ERROR;
				CLANG_WARN_EMPTY_BODY = YES;
				CLANG_WARN_ENUM_CONVERSION = YES;
				CLANG_WARN_INT_CONVERSION = YES;
				CLANG_WARN_OBJC_ROOT_CLASS = YES_ERROR;
				CLANG_WARN_UNREACHABLE_CODE = YES;
				CLANG_WARN__DUPLICATE_METHOD_MATCH = YES;
				"CODE_SIGN_IDENTITY[sdk=iphoneos*]" = "iPhone Developer";
				COPY_PHASE_STRIP = NO;
				DEBUG_INFORMATION_FORMAT = dwarf;
				ENABLE_STRICT_OBJC_MSGSEND = YES;
				ENABLE_TESTABILITY = YES;
				GCC_C_LANGUAGE_STANDARD = gnu99;
				GCC_DYNAMIC_NO_PIC = NO;
				GCC_NO_COMMON_BLOCKS = YES;
				GCC_OPTIMIZATION_LEVEL = 0;
				GCC_PREPROCESSOR_DEFINITIONS = (
					"DEBUG=1",
					"$(inherited)",
				);
				GCC_WARN_64_TO_32_BIT_CONVERSION = YES;
				GCC_WARN_ABOUT_RETURN_TYPE = YES_ERROR;
				GCC_WARN_UNDECLARED_SELECTOR = YES;
				GCC_WARN_UNINITIALIZED_AUTOS = YES_AGGRESSIVE;
				GCC_WARN_UNUSED_FUNCTION = YES;
				GCC_WARN_UNUSED_VARIABLE = YES;
				IPHONEOS_DEPLOYMENT_TARGET = 9.2;
				MTL_ENABLE_DEBUG_INFO = YES;
				ONLY_ACTIVE_ARCH = YES;
				SDKROOT = iphoneos;
				SWIFT_OPTIMIZATION_LEVEL = "-Onone";
			};
			name = Debug;
		};
		972E7C1D1C387A2A00EBB3CF /* Release */ = {
			isa = XCBuildConfiguration;
			buildSettings = {
				ALWAYS_SEARCH_USER_PATHS = NO;
				CLANG_CXX_LANGUAGE_STANDARD = "gnu++0x";
				CLANG_CXX_LIBRARY = "libc++";
				CLANG_ENABLE_MODULES = YES;
				CLANG_ENABLE_OBJC_ARC = YES;
				CLANG_WARN_BOOL_CONVERSION = YES;
				CLANG_WARN_CONSTANT_CONVERSION = YES;
				CLANG_WARN_DIRECT_OBJC_ISA_USAGE = YES_ERROR;
				CLANG_WARN_EMPTY_BODY = YES;
				CLANG_WARN_ENUM_CONVERSION = YES;
				CLANG_WARN_INT_CONVERSION = YES;
				CLANG_WARN_OBJC_ROOT_CLASS = YES_ERROR;
				CLANG_WARN_UNREACHABLE_CODE = YES;
				CLANG_WARN__DUPLICATE_METHOD_MATCH = YES;
				"CODE_SIGN_IDENTITY[sdk=iphoneos*]" = "iPhone Developer";
				COPY_PHASE_STRIP = NO;
				DEBUG_INFORMATION_FORMAT = "dwarf-with-dsym";
				ENABLE_NS_ASSERTIONS = NO;
				ENABLE_STRICT_OBJC_MSGSEND = YES;
				GCC_C_LANGUAGE_STANDARD = gnu99;
				GCC_NO_COMMON_BLOCKS = YES;
				GCC_WARN_64_TO_32_BIT_CONVERSION = YES;
				GCC_WARN_ABOUT_RETURN_TYPE = YES_ERROR;
				GCC_WARN_UNDECLARED_SELECTOR = YES;
				GCC_WARN_UNINITIALIZED_AUTOS = YES_AGGRESSIVE;
				GCC_WARN_UNUSED_FUNCTION = YES;
				GCC_WARN_UNUSED_VARIABLE = YES;
				IPHONEOS_DEPLOYMENT_TARGET = 9.2;
				MTL_ENABLE_DEBUG_INFO = NO;
				SDKROOT = iphoneos;
				VALIDATE_PRODUCT = YES;
			};
			name = Release;
		};
		972E7C1F1C387A2A00EBB3CF /* Debug */ = {
			isa = XCBuildConfiguration;
			buildSettings = {
				ASSETCATALOG_COMPILER_APPICON_NAME = AppIcon;
				"FRAMEWORK_SEARCH_PATHS[arch=*]" = "";
				"FRAMEWORK_SEARCH_PATHS[sdk=iphoneos9.2]" = "";
				INFOPLIST_FILE = Checklists/Info.plist;
				LD_RUNPATH_SEARCH_PATHS = "$(inherited) @executable_path/Frameworks";
				PRODUCT_BUNDLE_IDENTIFIER = net.professortom.Checklists;
				PRODUCT_NAME = "$(TARGET_NAME)";
			};
			name = Debug;
		};
		972E7C201C387A2A00EBB3CF /* Release */ = {
			isa = XCBuildConfiguration;
			buildSettings = {
				ASSETCATALOG_COMPILER_APPICON_NAME = AppIcon;
				"FRAMEWORK_SEARCH_PATHS[sdk=iphoneos9.2]" = "";
				INFOPLIST_FILE = Checklists/Info.plist;
				LD_RUNPATH_SEARCH_PATHS = "$(inherited) @executable_path/Frameworks";
				PRODUCT_BUNDLE_IDENTIFIER = net.professortom.Checklists;
				PRODUCT_NAME = "$(TARGET_NAME)";
			};
			name = Release;
		};
/* End XCBuildConfiguration section */

/* Begin XCConfigurationList section */
		972E7C071C387A2A00EBB3CF /* Build configuration list for PBXProject "Checklists" */ = {
			isa = XCConfigurationList;
			buildConfigurations = (
				972E7C1C1C387A2A00EBB3CF /* Debug */,
				972E7C1D1C387A2A00EBB3CF /* Release */,
			);
			defaultConfigurationIsVisible = 0;
			defaultConfigurationName = Release;
		};
		972E7C1E1C387A2A00EBB3CF /* Build configuration list for PBXNativeTarget "Checklists" */ = {
			isa = XCConfigurationList;
			buildConfigurations = (
				972E7C1F1C387A2A00EBB3CF /* Debug */,
				972E7C201C387A2A00EBB3CF /* Release */,
			);
			defaultConfigurationIsVisible = 0;
			defaultConfigurationName = Release;
		};
/* End XCConfigurationList section */
	};
	rootObject = 972E7C041C387A2A00EBB3CF /* Project object */;
}
